
Microsoft Visual Studio Solution File, Format Version 12.00
# Visual Studio 14
VisualStudioVersion = 14.0.25420.1
MinimumVisualStudioVersion = 10.0.40219.1
Project("{8BC9CEB8-8B4A-11D0-8D11-00A0C91BC942}") = "CameraFileLib", "CameraFileLib\CameraFileLib.vcxproj", "{CC3980CD-2D95-4848-B93F-E2A3A09326D0}"
EndProject
Project("{8BC9CEB8-8B4A-11D0-8D11-00A0C91BC942}") = "CameraFileLibTests", "CameraFileLibTests\CameraFileLibTests.vcxproj", "{733B62EB-C964-47B5-9C3F-6CD9A30FFB40}"
	ProjectSection(ProjectDependencies) = postProject
		{CC3980CD-2D95-4848-B93F-E2A3A09326D0} = {CC3980CD-2D95-4848-B93F-E2A3A09326D0}
	EndProjectSection
EndProject
Project("{8BC9CEB8-8B4A-11D0-8D11-00A0C91BC942}") = "ConsoleApplication1", "ConsoleApplication1\ConsoleApplication1.vcxproj", "{607DD80E-0581-41DB-B688-D2C689FED901}"
	ProjectSection(ProjectDependencies) = postProject
		{CC3980CD-2D95-4848-B93F-E2A3A09326D0} = {CC3980CD-2D95-4848-B93F-E2A3A09326D0}
	EndProjectSection
EndProject
Global
	GlobalSection(SolutionConfigurationPlatforms) = preSolution
		Debug|x64 = Debug|x64
		Debug|x86 = Debug|x86
		Release|x64 = Release|x64
		Release|x86 = Release|x86
	EndGlobalSection
	GlobalSection(ProjectConfigurationPlatforms) = postSolution
		{CC3980CD-2D95-4848-B93F-E2A3A09326D0}.Debug|x64.ActiveCfg = Debug|x64
		{CC3980CD-2D95-4848-B93F-E2A3A09326D0}.Debug|x64.Build.0 = Debug|x64
		{CC3980CD-2D95-4848-B93F-E2A3A09326D0}.Debug|x86.ActiveCfg = Debug|Win32
		{CC3980CD-2D95-4848-B93F-E2A3A09326D0}.Debug|x86.Build.0 = Debug|Win32
		{CC3980CD-2D95-4848-B93F-E2A3A09326D0}.Release|x64.ActiveCfg = Release|x64
		{CC3980CD-2D95-4848-B93F-E2A3A09326D0}.Release|x64.Build.0 = Release|x64
		{CC3980CD-2D95-4848-B93F-E2A3A09326D0}.Release|x86.ActiveCfg = Release|Win32
		{CC3980CD-2D95-4848-B93F-E2A3A09326D0}.Release|x86.Build.0 = Release|Win32
		{733B62EB-C964-47B5-9C3F-6CD9A30FFB40}.Debug|x64.ActiveCfg = Debug|x64
		{733B62EB-C964-47B5-9C3F-6CD9A30FFB40}.Debug|x64.Build.0 = Debug|x64
		{733B62EB-C964-47B5-9C3F-6CD9A30FFB40}.Debug|x86.ActiveCfg = Debug|Win32
		{733B62EB-C964-47B5-9C3F-6CD9A30FFB40}.Debug|x86.Build.0 = Debug|Win32
		{733B62EB-C964-47B5-9C3F-6CD9A30FFB40}.Release|x64.ActiveCfg = Release|x64
		{733B62EB-C964-47B5-9C3F-6CD9A30FFB40}.Release|x64.Build.0 = Release|x64
		{733B62EB-C964-47B5-9C3F-6CD9A30FFB40}.Release|x86.ActiveCfg = Release|Win32
		{733B62EB-C964-47B5-9C3F-6CD9A30FFB40}.Release|x86.Build.0 = Release|Win32
		{607DD80E-0581-41DB-B688-D2C689FED901}.Debug|x64.ActiveCfg = Debug|x64
		{607DD80E-0581-41DB-B688-D2C689FED901}.Debug|x64.Build.0 = Debug|x64
		{607DD80E-0581-41DB-B688-D2C689FED901}.Debug|x86.ActiveCfg = Debug|Win32
		{607DD80E-0581-41DB-B688-D2C689FED901}.Debug|x86.Build.0 = Debug|Win32
		{607DD80E-0581-41DB-B688-D2C689FED901}.Release|x64.ActiveCfg = Release|x64
		{607DD80E-0581-41DB-B688-D2C689FED901}.Release|x64.Build.0 = Release|x64
		{607DD80E-0581-41DB-B688-D2C689FED901}.Release|x86.ActiveCfg = Release|Win32
		{607DD80E-0581-41DB-B688-D2C689FED901}.Release|x86.Build.0 = Release|Win32
	EndGlobalSection
	GlobalSection(SolutionProperties) = preSolution
		HideSolutionNode = FALSE
	EndGlobalSection
EndGlobal
