<?xml version="1.0" encoding="utf-8"?>
<Project ToolsVersion="4.0" xmlns="http://schemas.microsoft.com/developer/msbuild/2003">
  <ItemGroup>
    <Filter Include="Source Files">
      <UniqueIdentifier>{4FC737F1-C7A5-4376-A066-2A32D752A2FF}</UniqueIdentifier>
      <Extensions>cpp;c;cc;cxx;def;odl;idl;hpj;bat;asm;asmx</Extensions>
    </Filter>
    <Filter Include="Header Files">
      <UniqueIdentifier>{93995380-89BD-4b04-88EB-625FBE52EBFB}</UniqueIdentifier>
      <Extensions>h;hh;hpp;hxx;hm;inl;inc;xsd</Extensions>
    </Filter>
    <Filter Include="Resource Files">
      <UniqueIdentifier>{67DA6AB6-F800-4c08-8B7A-83BB121AAD01}</UniqueIdentifier>
      <Extensions>rc;ico;cur;bmp;dlg;rc2;rct;bin;rgs;gif;jpg;jpeg;jpe;resx;tiff;tif;png;wav;mfcribbon-ms</Extensions>
    </Filter>
    <Filter Include="Header Files\GeneratedFiles">
      <UniqueIdentifier>{a85d15b2-263a-411f-b626-59a358f85451}</UniqueIdentifier>
    </Filter>
    <Filter Include="Header Files\GeneratedFiles\Common">
      <UniqueIdentifier>{d5bc7cfb-3537-4ebd-9e3a-39a5b276e855}</UniqueIdentifier>
    </Filter>
    <Filter Include="Header Files\GeneratedFiles\IRCamFiles">
      <UniqueIdentifier>{8dd19d77-773e-4e1c-893b-68cfc6128238}</UniqueIdentifier>
    </Filter>
    <Filter Include="Source Files\GeneratedFiles">
      <UniqueIdentifier>{21338f55-5a2c-4099-ae2c-fbef0c200dfb}</UniqueIdentifier>
    </Filter>
    <Filter Include="Source Files\GeneratedFiles\Common">
      <UniqueIdentifier>{3f9a66c8-d609-476b-ae13-51a365b6568b}</UniqueIdentifier>
    </Filter>
    <Filter Include="Source Files\GeneratedFiles\IRCamFiles">
      <UniqueIdentifier>{66a959dc-0b00-437d-ba19-47b3e3a24698}</UniqueIdentifier>
    </Filter>
    <Filter Include="Header Files\CustomFiles">
      <UniqueIdentifier>{c43a4b09-38ec-4f36-bd70-da33b8adaf1a}</UniqueIdentifier>
    </Filter>
    <Filter Include="Source Files\CustomFiles">
      <UniqueIdentifier>{03bd2d59-9eba-44a8-af88-b5dfc90fe736}</UniqueIdentifier>
    </Filter>
    <Filter Include="Source Files\CustomFiles\Common">
      <UniqueIdentifier>{e8df792e-a97c-481f-af8e-62d0eff6f961}</UniqueIdentifier>
    </Filter>
    <Filter Include="Source Files\CustomFiles\IRCamFiles">
      <UniqueIdentifier>{826de05e-e237-4981-8ede-c775437a7868}</UniqueIdentifier>
    </Filter>
    <Filter Include="Header Files\CustomFiles\IRCamFiles">
      <UniqueIdentifier>{7d0a9038-030d-4f36-9695-aa3f7ee5a99e}</UniqueIdentifier>
    </Filter>
    <Filter Include="Header Files\GeneratedFiles\sw">
      <UniqueIdentifier>{ecfbccd1-f35e-417a-b90a-7ac965de88df}</UniqueIdentifier>
    </Filter>
  </ItemGroup>
  <ItemGroup>
    <Text Include="ReadMe.txt" />
  </ItemGroup>
  <ItemGroup>
    <ClInclude Include="targetver.h">
      <Filter>Header Files</Filter>
    </ClInclude>
    <ClInclude Include="..\..\..\..\FIR-00251-Common\Software\CRC.h">
      <Filter>Header Files\GeneratedFiles\Common</Filter>
    </ClInclude>
    <ClInclude Include="..\..\..\..\FIR-00251-Common\Software\utils.h">
      <Filter>Header Files\GeneratedFiles\Common</Filter>
    </ClInclude>
    <ClInclude Include="..\..\..\..\FIR-00251-Common\Software\printf_utils.h">
      <Filter>Header Files\GeneratedFiles\Common</Filter>
    </ClInclude>
    <ClInclude Include="..\..\..\..\FIR-00251-Common\Software\Timer.h">
      <Filter>Header Files\GeneratedFiles\Common</Filter>
    </ClInclude>
    <ClInclude Include="..\..\..\..\FIR-00251-Common\Software\sleep.h">
      <Filter>Header Files\GeneratedFiles\Common</Filter>
    </ClInclude>
    <ClInclude Include="..\..\..\..\FIR-00251-Common\Software\IRC_status.h">
      <Filter>Header Files\GeneratedFiles\Common</Filter>
    </ClInclude>
    <ClInclude Include="..\..\src\Telops\IRCamFiles\CalibCollectionFile.h">
      <Filter>Header Files\CustomFiles\IRCamFiles</Filter>
    </ClInclude>
    <ClInclude Include="..\..\src\Telops\IRCamFiles\CalibImageCorrectionFile.h">
      <Filter>Header Files\CustomFiles\IRCamFiles</Filter>
    </ClInclude>
    <ClInclude Include="..\..\..\src\sw\verbose.h">
      <Filter>Header Files\GeneratedFiles\sw</Filter>
    </ClInclude>
    <ClInclude Include="..\..\..\src\IRCamFiles\IRCamFiles.h">
      <Filter>Header Files\GeneratedFiles\IRCamFiles</Filter>
    </ClInclude>
    <ClInclude Include="..\..\..\src\IRCamFiles\CalibActualizationFile_v1.h">
      <Filter>Header Files\GeneratedFiles\IRCamFiles</Filter>
    </ClInclude>
    <ClInclude Include="..\..\..\src\IRCamFiles\CalibBlockFile_v1.h">
      <Filter>Header Files\GeneratedFiles\IRCamFiles</Filter>
    </ClInclude>
    <ClInclude Include="..\..\..\src\IRCamFiles\CalibBlockFile_v2.h">
      <Filter>Header Files\GeneratedFiles\IRCamFiles</Filter>
    </ClInclude>
    <ClInclude Include="..\..\..\src\IRCamFiles\CalibCollectionFile_v1.h">
      <Filter>Header Files\GeneratedFiles\IRCamFiles</Filter>
    </ClInclude>
    <ClInclude Include="..\..\..\src\IRCamFiles\CalibCollectionFile_v2.h">
      <Filter>Header Files\GeneratedFiles\IRCamFiles</Filter>
    </ClInclude>
    <ClInclude Include="..\..\..\src\IRCamFiles\CalibImageCorrectionFile_v2.h">
      <Filter>Header Files\GeneratedFiles\IRCamFiles</Filter>
    </ClInclude>
    <ClInclude Include="..\..\..\src\IRCamFiles\FileInfo.h">
      <Filter>Header Files\GeneratedFiles\IRCamFiles</Filter>
    </ClInclude>
    <ClInclude Include="..\..\src\Telops\IRCamFiles\CalibBlockFile.h">
      <Filter>Header Files\CustomFiles\IRCamFiles</Filter>
    </ClInclude>
  </ItemGroup>
  <ItemGroup>
    <ClCompile Include="..\..\..\src\IRCamFiles\CalibActualizationFile_v1.c">
      <Filter>Source Files\GeneratedFiles\IRCamFiles</Filter>
    </ClCompile>
    <ClCompile Include="..\..\..\src\IRCamFiles\CalibBlockFile_v1.c">
      <Filter>Source Files\GeneratedFiles\IRCamFiles</Filter>
    </ClCompile>
    <ClCompile Include="..\..\..\src\IRCamFiles\CalibBlockFile_v2.c">
      <Filter>Source Files\GeneratedFiles\IRCamFiles</Filter>
    </ClCompile>
    <ClCompile Include="..\..\..\src\IRCamFiles\CalibCollectionFile_v1.c">
      <Filter>Source Files\GeneratedFiles\IRCamFiles</Filter>
    </ClCompile>
    <ClCompile Include="..\..\..\src\IRCamFiles\CalibCollectionFile_v2.c">
      <Filter>Source Files\GeneratedFiles\IRCamFiles</Filter>
    </ClCompile>
    <ClCompile Include="..\..\..\src\IRCamFiles\CalibImageCorrectionFile_v2.c">
      <Filter>Source Files\GeneratedFiles\IRCamFiles</Filter>
    </ClCompile>
    <ClCompile Include="..\..\..\..\FIR-00251-Common\Software\CRC.c">
      <Filter>Source Files\GeneratedFiles\Common</Filter>
    </ClCompile>
    <ClCompile Include="..\..\..\..\FIR-00251-Common\Software\sleep.c">
      <Filter>Source Files\GeneratedFiles\Common</Filter>
    </ClCompile>
    <ClCompile Include="..\..\src\Telops\Common\Timer.c">
      <Filter>Source Files\CustomFiles\Common</Filter>
    </ClCompile>
    <ClCompile Include="..\..\src\Telops\Common\utils.c">
      <Filter>Source Files\CustomFiles\Common</Filter>
    </ClCompile>
    <ClCompile Include="..\..\src\Telops\IRCamFiles\CalibCollectionFile.c">
      <Filter>Source Files\CustomFiles\IRCamFiles</Filter>
    </ClCompile>
    <ClCompile Include="..\..\src\Telops\IRCamFiles\CalibImageCorrectionFile.c">
      <Filter>Source Files\CustomFiles\IRCamFiles</Filter>
    </ClCompile>
    <ClCompile Include="..\..\src\Telops\IRCamFiles\FileInfo.c">
      <Filter>Source Files\CustomFiles\IRCamFiles</Filter>
    </ClCompile>
    <ClCompile Include="..\..\src\Telops\IRCamFiles\CalibBlockFile.cpp">
      <Filter>Source Files\CustomFiles\IRCamFiles</Filter>
    </ClCompile>
  </ItemGroup>
  <ItemGroup>
    <None Include="ClassDiagram.cd" />
    <None Include="ClassDiagram1.cd" />
  </ItemGroup>
</Project>